version = 1
revision = 2
requires-python = ">=3.11, <3.14"

[[package]]
name = "attrs"
version = "24.3.0"
source = { registry = "https://gitlab.savvifi.com/api/v4/groups/21/-/packages/pypi/simple/" }
wheels = [
    { url = "https://gitlab.savvifi.com/api/v4/groups/21/-/packages/pypi/files/ac96cd038792094f438ad1f6ff80837353805ac950cd2aa0e0625ef19850c308/attrs-24.3.0-py3-none-any.whl", hash = "sha256:ac96cd038792094f438ad1f6ff80837353805ac950cd2aa0e0625ef19850c308" },
]

[[package]]
name = "certifi"
version = "2025.1.31"
source = { registry = "https://gitlab.savvifi.com/api/v4/groups/21/-/packages/pypi/simple/" }
wheels = [
    { url = "https://gitlab.savvifi.com/api/v4/groups/21/-/packages/pypi/files/ca78db4565a652026a4db2bcdf68f2fb589ea80d0be70e03929ed730746b84fe/certifi-2025.1.31-py3-none-any.whl", hash = "sha256:ca78db4565a652026a4db2bcdf68f2fb589ea80d0be70e03929ed730746b84fe" },
]

[[package]]
name = "charset-normalizer"
version = "3.4.1"
source = { registry = "https://gitlab.savvifi.com/api/v4/groups/21/-/packages/pypi/simple/" }
wheels = [
    { url = "https://gitlab.savvifi.com/api/v4/groups/21/-/packages/pypi/files/8bfa33f4f2672964266e940dd22a195989ba31669bd84629f05fab3ef4e2d125/charset_normalizer-3.4.1-cp311-cp311-macosx_10_9_universal2.whl", hash = "sha256:8bfa33f4f2672964266e940dd22a195989ba31669bd84629f05fab3ef4e2d125" },
    { url = "https://gitlab.savvifi.com/api/v4/groups/21/-/packages/pypi/files/28bf57629c75e810b6ae989f03c0828d64d6b26a5e205535585f96093e405ed1/charset_normalizer-3.4.1-cp311-cp311-manylinux_2_17_aarch64.manylinux2014_aarch64.whl", hash = "sha256:28bf57629c75e810b6ae989f03c0828d64d6b26a5e205535585f96093e405ed1" },
    { url = "https://gitlab.savvifi.com/api/v4/groups/21/-/packages/pypi/files/fd4ec41f914fa74ad1b8304bbc634b3de73d2a0889bd32076342a573e0779e00/charset_normalizer-3.4.1-cp311-cp311-manylinux_2_17_x86_64.manylinux2014_x86_64.whl", hash = "sha256:fd4ec41f914fa74ad1b8304bbc634b3de73d2a0889bd32076342a573e0779e00" },
    { url = "https://gitlab.savvifi.com/api/v4/groups/21/-/packages/pypi/files/237bdbe6159cff53b4f24f397d43c6336c6b0b42affbe857970cefbb620911c8/charset_normalizer-3.4.1-cp311-cp311-musllinux_1_2_x86_64.whl", hash = "sha256:237bdbe6159cff53b4f24f397d43c6336c6b0b42affbe857970cefbb620911c8" },
    { url = "https://gitlab.savvifi.com/api/v4/groups/21/-/packages/pypi/files/d7f50a1f8c450f3925cb367d011448c39239bb3eb4117c36a6d354794de4ce76/charset_normalizer-3.4.1-cp311-cp311-win_amd64.whl", hash = "sha256:d7f50a1f8c450f3925cb367d011448c39239bb3eb4117c36a6d354794de4ce76" },
    { url = "https://gitlab.savvifi.com/api/v4/groups/21/-/packages/pypi/files/73d94b58ec7fecbc7366247d3b0b10a21681004153238750bb67bd9012414545/charset_normalizer-3.4.1-cp312-cp312-macosx_10_13_universal2.whl", hash = "sha256:73d94b58ec7fecbc7366247d3b0b10a21681004153238750bb67bd9012414545" },
    { url = "https://gitlab.savvifi.com/api/v4/groups/21/-/packages/pypi/files/dad3e487649f498dd991eeb901125411559b22e8d7ab25d3aeb1af367df5efd7/charset_normalizer-3.4.1-cp312-cp312-manylinux_2_17_aarch64.manylinux2014_aarch64.whl", hash = "sha256:dad3e487649f498dd991eeb901125411559b22e8d7ab25d3aeb1af367df5efd7" },
    { url = "https://gitlab.savvifi.com/api/v4/groups/21/-/packages/pypi/files/bc2722592d8998c870fa4e290c2eec2c1569b87fe58618e67d38b4665dfa680d/charset_normalizer-3.4.1-cp312-cp312-manylinux_2_17_x86_64.manylinux2014_x86_64.whl", hash = "sha256:bc2722592d8998c870fa4e290c2eec2c1569b87fe58618e67d38b4665dfa680d" },
    { url = "https://gitlab.savvifi.com/api/v4/groups/21/-/packages/pypi/files/e358e64305fe12299a08e08978f51fc21fac060dcfcddd95453eabe5b93ed0e1/charset_normalizer-3.4.1-cp312-cp312-musllinux_1_2_x86_64.whl", hash = "sha256:e358e64305fe12299a08e08978f51fc21fac060dcfcddd95453eabe5b93ed0e1" },
    { url = "https://gitlab.savvifi.com/api/v4/groups/21/-/packages/pypi/files/6ff8a4a60c227ad87030d76e99cd1698345d4491638dfa6673027c48b3cd395f/charset_normalizer-3.4.1-cp312-cp312-win_amd64.whl", hash = "sha256:6ff8a4a60c227ad87030d76e99cd1698345d4491638dfa6673027c48b3cd395f" },
    { url = "https://gitlab.savvifi.com/api/v4/groups/21/-/packages/pypi/files/aabfa34badd18f1da5ec1bc2715cadc8dca465868a4e73a0173466b688f29dda/charset_normalizer-3.4.1-cp313-cp313-macosx_10_13_universal2.whl", hash = "sha256:aabfa34badd18f1da5ec1bc2715cadc8dca465868a4e73a0173466b688f29dda" },
    { url = "https://gitlab.savvifi.com/api/v4/groups/21/-/packages/pypi/files/22e14b5d70560b8dd51ec22863f370d1e595ac3d024cb8ad7d308b4cd95f8313/charset_normalizer-3.4.1-cp313-cp313-manylinux_2_17_aarch64.manylinux2014_aarch64.whl", hash = "sha256:22e14b5d70560b8dd51ec22863f370d1e595ac3d024cb8ad7d308b4cd95f8313" },
    { url = "https://gitlab.savvifi.com/api/v4/groups/21/-/packages/pypi/files/955f8851919303c92343d2f66165294848d57e9bba6cf6e3625485a70a038d11/charset_normalizer-3.4.1-cp313-cp313-manylinux_2_17_x86_64.manylinux2014_x86_64.whl", hash = "sha256:955f8851919303c92343d2f66165294848d57e9bba6cf6e3625485a70a038d11" },
    { url = "https://gitlab.savvifi.com/api/v4/groups/21/-/packages/pypi/files/fa88b843d6e211393a37219e6a1c1df99d35e8fd90446f1118f4216e307e48cd/charset_normalizer-3.4.1-cp313-cp313-musllinux_1_2_x86_64.whl", hash = "sha256:fa88b843d6e211393a37219e6a1c1df99d35e8fd90446f1118f4216e307e48cd" },
    { url = "https://gitlab.savvifi.com/api/v4/groups/21/-/packages/pypi/files/b1ac5992a838106edb89654e0aebfc24f5848ae2547d22c2c3f66454daa11971/charset_normalizer-3.4.1-cp313-cp313-win_amd64.whl", hash = "sha256:b1ac5992a838106edb89654e0aebfc24f5848ae2547d22c2c3f66454daa11971" },
]

[[package]]
name = "check-jsonschema"
version = "0.37.2"
source = { registry = "https://gitlab.savvifi.com/api/v4/groups/21/-/packages/pypi/simple/" }
dependencies = [
    { name = "click" },
    { name = "jsonschema" },
    { name = "regress" },
    { name = "requests" },
    { name = "ruamel-yaml" },
]
sdist = { url = "https://files.pythonhosted.org/packages/c7/b5/2f4b66ac68e5dcf999f2df7d7d72d474b8f9d17ddd1ae2159ba81c55652a/check_jsonschema-0.37.2.tar.gz", hash = "sha256:2977f31ebbd3e4eb37325057b83b56c0041b2b520e12818ec84da1f6c7c60363", size = 414564, upload-time = "2026-05-03T03:41:48.453Z" }
wheels = [
    { url = "https://files.pythonhosted.org/packages/5f/89/0c8eebd5d9439abb38a79edca7a93c96e67e0d1e14ab1f6db016d27b15ad/check_jsonschema-0.37.2-py3-none-any.whl", hash = "sha256:0840dc56219922f7a34d4e4a4364f96bbf05983850dbb64149f4c6f17b3affd1", size = 399181, upload-time = "2026-05-03T03:41:46.81Z" },
]

[[package]]
name = "click"
version = "8.1.8"
source = { registry = "https://gitlab.savvifi.com/api/v4/groups/21/-/packages/pypi/simple/" }
dependencies = [
    { name = "colorama", marker = "sys_platform == 'win32'" },
]
wheels = [
    { url = "https://gitlab.savvifi.com/api/v4/groups/21/-/packages/pypi/files/63c132bbbed01578a06712a2d1f497bb62d9c1c0d329b7903a866228027263b2/click-8.1.8-py3-none-any.whl", hash = "sha256:63c132bbbed01578a06712a2d1f497bb62d9c1c0d329b7903a866228027263b2" },
]

[[package]]
name = "colorama"
version = "0.4.6"
source = { registry = "https://gitlab.savvifi.com/api/v4/groups/21/-/packages/pypi/simple/" }
wheels = [
    { url = "https://gitlab.savvifi.com/api/v4/groups/21/-/packages/pypi/files/4f1d9991f5acc0ca119f9d443620b77f9d6b33703e51011c16baf57afb285fc6/colorama-0.4.6-py2.py3-none-any.whl", hash = "sha256:4f1d9991f5acc0ca119f9d443620b77f9d6b33703e51011c16baf57afb285fc6" },
]

[[package]]
name = "idna"
version = "3.10"
source = { registry = "https://gitlab.savvifi.com/api/v4/groups/21/-/packages/pypi/simple/" }
wheels = [
    { url = "https://gitlab.savvifi.com/api/v4/groups/21/-/packages/pypi/files/946d195a0d259cbba61165e88e65941f16e9b36ea6ddb97f00452bae8b1287d3/idna-3.10-py3-none-any.whl", hash = "sha256:946d195a0d259cbba61165e88e65941f16e9b36ea6ddb97f00452bae8b1287d3" },
]

[[package]]
name = "jsonschema"
version = "4.24.1"
source = { registry = "https://gitlab.savvifi.com/api/v4/groups/21/-/packages/pypi/simple/" }
dependencies = [
    { name = "attrs" },
    { name = "jsonschema-specifications" },
    { name = "referencing" },
    { name = "rpds-py" },
]
wheels = [
    { url = "https://gitlab.savvifi.com/api/v4/groups/21/-/packages/pypi/files/6b916866aa0b61437785f1277aa2cbd63512e8d4b47151072ef13292049b4627/jsonschema-4.24.1-py3-none-any.whl", hash = "sha256:6b916866aa0b61437785f1277aa2cbd63512e8d4b47151072ef13292049b4627" },
]

[[package]]
name = "jsonschema-specifications"
version = "2024.10.1"
source = { registry = "https://gitlab.savvifi.com/api/v4/groups/21/-/packages/pypi/simple/" }
dependencies = [
    { name = "referencing" },
]
wheels = [
    { url = "https://gitlab.savvifi.com/api/v4/groups/21/-/packages/pypi/files/a09a0680616357d9a0ecf05c12ad234479f549239d0f5b55f3deea67475da9bf/jsonschema_specifications-2024.10.1-py3-none-any.whl", hash = "sha256:a09a0680616357d9a0ecf05c12ad234479f549239d0f5b55f3deea67475da9bf" },
]

[[package]]
name = "referencing"
version = "0.37.0"
source = { registry = "https://gitlab.savvifi.com/api/v4/groups/21/-/packages/pypi/simple/" }
dependencies = [
    { name = "attrs" },
    { name = "rpds-py" },
    { name = "typing-extensions", marker = "python_full_version < '3.13'" },
]
wheels = [
    { url = "https://gitlab.savvifi.com/api/v4/groups/21/-/packages/pypi/files/381329a9f99628c9069361716891d34ad94af76e461dcb0335825aecc7692231/referencing-0.37.0-py3-none-any.whl", hash = "sha256:381329a9f99628c9069361716891d34ad94af76e461dcb0335825aecc7692231" },
]

[[package]]
name = "regress"
version = "2025.10.1"
source = { registry = "https://gitlab.savvifi.com/api/v4/groups/21/-/packages/pypi/simple/" }
sdist = { url = "https://files.pythonhosted.org/packages/02/bf/faa406189856f9b566fa1c42d173188d3e86cd5116484a663922365e0004/regress-2025.10.1.tar.gz", hash = "sha256:dcc0a8af0cdbc3d6e0d4725f113335d0a5ffbba86ae3ca18d2b5b352c5f2c8ed", size = 11567, upload-time = "2025-10-09T07:09:48.397Z" }
wheels = [
    { url = "https://files.pythonhosted.org/packages/d5/da/2edfa1465101407dc986389614fc33725295ca5bf926bb2b79cf6f1fb9f6/regress-2025.10.1-cp311-cp311-macosx_10_12_x86_64.whl", hash = "sha256:02da99e41c6a97f6d2146d326541b4035ed2139c92b2f56ca7e464ceb84fe24f", size = 447448, upload-time = "2025-10-09T07:07:40.397Z" },
    { url = "https://files.pythonhosted.org/packages/31/e4/a2c67d64a41aab789804058d3918ef045a2e6ebe519a0d91b99d6df7611c/regress-2025.10.1-cp311-cp311-macosx_11_0_arm64.whl", hash = "sha256:5d961e81b169fce4f6c0e35f52bbfca9e20abf9674dd391c75708f0665ef4f6f", size = 436780, upload-time = "2025-10-09T07:07:41.753Z" },
    { url = "https://files.pythonhosted.org/packages/5d/2a/f1ccba2c74382fa0771e681ce31bacd412d1cb454d8c917b80e93d451761/regress-2025.10.1-cp311-cp311-manylinux_2_17_aarch64.manylinux2014_aarch64.whl", hash = "sha256:c34b13e7785554997e18725b896d404ba992cee5b691768476f14b48de0c393a", size = 514304, upload-time = "2025-10-09T07:07:42.804Z" },
    { url = "https://files.pythonhosted.org/packages/62/13/078b24d78714bd3f31aabd103467fe3467b8143924907a4b61d6b9129066/regress-2025.10.1-cp311-cp311-manylinux_2_17_armv7l.manylinux2014_armv7l.whl", hash = "sha256:15efcb8d568e712919cb56b78fffe08a09d5ed1844b43cccc3235c2da90d0e59", size = 497601, upload-time = "2025-10-09T07:07:43.879Z" },
    { url = "https://files.pythonhosted.org/packages/f4/20/12c8a0899f245cf974c907cedacfc39b85f50fc1f34d90af61cb18af9f2e/regress-2025.10.1-cp311-cp311-manylinux_2_17_ppc64le.manylinux2014_ppc64le.whl", hash = "sha256:5a2ddb0d1c0821b70dd50daa773c5f3fbb2155398c57809a2f54447958c9569f", size = 676426, upload-time = "2025-10-09T07:07:44.966Z" },
    { url = "https://files.pythonhosted.org/packages/af/88/ce4e504b2e33599949c8e4d274a3610abca583b203b9361bf780993eafc2/regress-2025.10.1-cp311-cp311-manylinux_2_17_s390x.manylinux2014_s390x.whl", hash = "sha256:70c78c6cf679da47fbde85b75407fdfb4642477315ee94d6cdd62a0606941b83", size = 575198, upload-time = "2025-10-09T07:07:45.963Z" },
    { url = "https://files.pythonhosted.org/packages/91/37/3eea9fa93c7ab3569e1881de2ee3a9d9d957daf38c2f8afbad7d3cbbcdf4/regress-2025.10.1-cp311-cp311-manylinux_2_17_x86_64.manylinux2014_x86_64.whl", hash = "sha256:707e2846e784ecef666a6892753cf5d8441e4cf02bcc7fa10fd21527429815fc", size = 507958, upload-time = "2025-10-09T07:07:47.472Z" },
    { url = "https://files.pythonhosted.org/packages/1c/85/e6b0c3d8617ed61986c453ed4a66faf62d058efb2f7c6a21fbc752f4ace3/regress-2025.10.1-cp311-cp311-manylinux_2_5_i686.manylinux1_i686.whl", hash = "sha256:5c147e4d3799022bac9fc49fd042a51b7f746c41ed231fa6b496720dab0d2f9d", size = 520560, upload-time = "2025-10-09T07:07:52.733Z" },
    { url = "https://files.pythonhosted.org/packages/d7/fc/5bce405c13087cf4e4151ec1185f9095db4992f19ea79430b3e9fb25b20c/regress-2025.10.1-cp311-cp311-musllinux_1_2_aarch64.whl", hash = "sha256:148f15530807a63e24ca2dea3795546723d84c0b3a8e4152a24b58318f841b3c", size = 695418, upload-time = "2025-10-09T07:07:54.148Z" },
    { url = "https://files.pythonhosted.org/packages/7c/90/31773e93998cf1ef070c0dafb886a1e9a40e8dc8017961c13e5ae4b5560f/regress-2025.10.1-cp311-cp311-musllinux_1_2_i686.whl", hash = "sha256:9670d957d156fa90e5582c4337ca1757b643859780896c8d853b015cd01456dc", size = 695288, upload-time = "2025-10-09T07:07:55.14Z" },
    { url = "https://files.pythonhosted.org/packages/8b/ba/6deb752234bc58aa073443d5ef585a627230e8747933d54961694ee6cd00/regress-2025.10.1-cp311-cp311-musllinux_1_2_x86_64.whl", hash = "sha256:af290cfb3b7d4b14319a88feab4e86f54a2c43bd8189be5a0dcd8f847f832847", size = 691796, upload-time = "2025-10-09T07:07:56.182Z" },
    { url = "https://files.pythonhosted.org/packages/be/0e/4787f84ac798978d3ce611a5fb5d773d3c00e4c9e95f1284104d15653b2b/regress-2025.10.1-cp311-cp311-win32.whl", hash = "sha256:7343ef7eae795e1449308d6d05131195f5af31ab1b2b6b405ff9370b64c1e7e1", size = 282256, upload-time = "2025-10-09T07:07:57.276Z" },
    { url = "https://files.pythonhosted.org/packages/fe/8a/35eb3fa6b01ce56845d5b93dd70653b57a53e0fdc73c9b142dacbec8c39c/regress-2025.10.1-cp311-cp311-win_amd64.whl", hash = "sha256:8f42578d920fc878fe19ed8e2fbe38edd212c451bb2fc5e0084716d5acd26c4c", size = 301729, upload-time = "2025-10-09T07:07:58.506Z" },
    { url = "https://files.pythonhosted.org/packages/17/87/088be34a36d6f46d0a63d5694a283b2a75885d24e25afa11355e43bf22cc/regress-2025.10.1-cp311-cp311-win_arm64.whl", hash = "sha256:a6f0320f53e8fd8722211c0620fcd9bfecc0db05bf0d59385ee301f86b815671", size = 289156, upload-time = "2025-10-09T07:07:59.928Z" },
    { url = "https://files.pythonhosted.org/packages/06/82/68b78d093656628ded54d3e947024058f4c86f18d195174b48d370e468fd/regress-2025.10.1-cp312-cp312-macosx_10_12_x86_64.whl", hash = "sha256:45695cd7ddc6a919863f243a09a9e737257f958c0d2af0e71e349c9d0f3048ad", size = 445523, upload-time = "2025-10-09T07:08:01.16Z" },
    { url = "https://files.pythonhosted.org/packages/9a/aa/9c42061860892def750a5f5eb0a1894999db370f441a73a52b8b22ce8ea0/regress-2025.10.1-cp312-cp312-macosx_11_0_arm64.whl", hash = "sha256:63503a8f601a10e5d9d72ea6efb415a2838a4766736775322578ce5fe18cb233", size = 434820, upload-time = "2025-10-09T07:08:02.241Z" },
    { url = "https://files.pythonhosted.org/packages/d6/4d/e460b2a8d2fe5bfe03658b0fa7b34fb2a4f38fe699b7d818838950b0377c/regress-2025.10.1-cp312-cp312-manylinux_2_17_aarch64.manylinux2014_aarch64.whl", hash = "sha256:28941c80252119ef051ad67195fa8d155a0c8dc9ecb801786d94eeea6738e4c3", size = 514909, upload-time = "2025-10-09T07:08:03.696Z" },
    { url = "https://files.pythonhosted.org/packages/82/e2/fa4fa358b4958fc9bcdd4037e04af26878a2dadd2be6fd21e8d78ecf0ea7/regress-2025.10.1-cp312-cp312-manylinux_2_17_armv7l.manylinux2014_armv7l.whl", hash = "sha256:6d26daee7d46905c8d4232f44c39ea788f10d39c166735177f603783b4ace4e8", size = 497159, upload-time = "2025-10-09T07:08:05.023Z" },
    { url = "https://files.pythonhosted.org/packages/3d/6a/5f084ab9ceade680d3a55cc195fd8aa2f458e1e7b310ba79a937e31a8511/regress-2025.10.1-cp312-cp312-manylinux_2_17_ppc64le.manylinux2014_ppc64le.whl", hash = "sha256:f0599f9cb12722300b6d4fcd6bd9b2be5bf233bc567c3ca503d8e392de23798a", size = 674601, upload-time = "2025-10-09T07:08:05.946Z" },
    { url = "https://files.pythonhosted.org/packages/b0/80/87f041edee9ecd50867789f053efa4888eefaab6d5c3996d6b8257dfd18b/regress-2025.10.1-cp312-cp312-manylinux_2_17_s390x.manylinux2014_s390x.whl", hash = "sha256:46b92e1ec6092e6e989e4ad5f52f0a358e88355f70cf4dba9abce84f3cd513cf", size = 575664, upload-time = "2025-10-09T07:08:06.942Z" },
    { url = "https://files.pythonhosted.org/packages/b5/66/312bd179376c6cf9aab285a0c709eb3241c649a1d7ec256d34c4e7a453e7/regress-2025.10.1-cp312-cp312-manylinux_2_17_x86_64.manylinux2014_x86_64.whl", hash = "sha256:7ac0e197c7f1b5ffca42341518b6a03e2ea3cdd66516af9278492d2d2bfc9ce2", size = 508055, upload-time = "2025-10-09T07:08:07.91Z" },
    { url = "https://files.pythonhosted.org/packages/d7/68/c69c6fb053de81c8f0f5d702706c4237bd021c67be977ba03f770db2579f/regress-2025.10.1-cp312-cp312-manylinux_2_5_i686.manylinux1_i686.whl", hash = "sha256:05e6c68021dff89fee7bcdab25e0819cff4c7f0761dc41f0fb609b0e9ebb6272", size = 520794, upload-time = "2025-10-09T07:08:08.973Z" },
    { url = "https://files.pythonhosted.org/packages/3d/47/66845b8f71a3cbdc545a324bf2083fbc84fee728690f561dd85ba9dedb25/regress-2025.10.1-cp312-cp312-musllinux_1_2_aarch64.whl", hash = "sha256:39600db4e404155168d6f75c3dbb2ae03ef3e288b4a57c7a6562a1144bf07682", size = 695537, upload-time = "2025-10-09T07:08:09.946Z" },
    { url = "https://files.pythonhosted.org/packages/24/a4/c389c1b0ab16d33755f3b58c34ba92c9991e1fca31e5e3e608baa04b2f47/regress-2025.10.1-cp312-cp312-musllinux_1_2_i686.whl", hash = "sha256:d48e91d14a366570685f76adaf9d108e3abc5522572e7e1d0d78c3cc3ebf0833", size = 695148, upload-time = "2025-10-09T07:08:11.668Z" },
    { url = "https://files.pythonhosted.org/packages/a2/ec/ae94eb4dd93a18be022fa72a88ca73f5f3cfd78f077afdb40b66e2139db9/regress-2025.10.1-cp312-cp312-musllinux_1_2_x86_64.whl", hash = "sha256:ce4e38ada2a39159d8a2523084e2b5ed94b3f7f7b196ba6b99c2d6c4ff634a87", size = 690997, upload-time = "2025-10-09T07:08:12.812Z" },
    { url = "https://files.pythonhosted.org/packages/42/1f/669280d98640568d1012e1b77178eb75b3ceb468c9bc50058529a90f42f5/regress-2025.10.1-cp312-cp312-win32.whl", hash = "sha256:c35c8cd42900d9195e5bf48d701dda28c204854fba7cc27d18f309745f57b8b5", size = 282521, upload-time = "2025-10-09T07:08:13.922Z" },
    { url = "https://files.pythonhosted.org/packages/27/a0/d77a57e89ace8fd0b6acb124dfefd536e8e696103cba21956050f09b69a4/regress-2025.10.1-cp312-cp312-win_amd64.whl", hash = "sha256:089b6c5f0965962e8046493e5a1222a24e88d6f235fa8fe2424ec869e6ff613c", size = 301556, upload-time = "2025-10-09T07:08:14.908Z" },
    { url = "https://files.pythonhosted.org/packages/ba/ce/a0e08ff0f36d6106152b33148a087c77f6cbb649863440447b1cdfd393d1/regress-2025.10.1-cp312-cp312-win_arm64.whl", hash = "sha256:469b03b1deffb6d20ea4f95aa44ef0e0e5a9b47d56f709276b06a96338b570a0", size = 288571, upload-time = "2025-10-09T07:08:15.772Z" },
    { url = "https://files.pythonhosted.org/packages/b5/bd/f7ff13577c688efec36488554489635c135ab7c2b3652c00aaa3d74bd761/regress-2025.10.1-cp313-cp313-macosx_10_12_x86_64.whl", hash = "sha256:9100da34f69e18ad6d545f5d74f8ee729e42ce200a73752dd6d94f8a373d0e71", size = 445469, upload-time = "2025-10-09T07:08:16.825Z" },
    { url = "https://files.pythonhosted.org/packages/89/3d/e8fc72e7424c168dfc4cdf3a864f189f6d3afbb6e3ed66455774d1f5e2ba/regress-2025.10.1-cp313-cp313-macosx_11_0_arm64.whl", hash = "sha256:9e25096697b034848d8fc7910cdb38b7abc2bd2d7ade8767893359918ed4efd0", size = 434712, upload-time = "2025-10-09T07:08:17.817Z" },
    { url = "https://files.pythonhosted.org/packages/63/d0/a18cc39008765d2b964bc2eba423416545d97b4f2623b99549c5e97e4d37/regress-2025.10.1-cp313-cp313-manylinux_2_17_aarch64.manylinux2014_aarch64.whl", hash = "sha256:6c4c40a8c9f3e0119d2384a52b55dcc770461e1ead6ae7b41314999223116a15", size = 514752, upload-time = "2025-10-09T07:08:19.148Z" },
    { url = "https://files.pythonhosted.org/packages/0b/11/57e64ba417867b39ad9ca55feaea80d3176735dba36e6a92ff21b8224fcb/regress-2025.10.1-cp313-cp313-manylinux_2_17_armv7l.manylinux2014_armv7l.whl", hash = "sha256:25d8518285aa3ce67ddbede90a1a9ca6a5d23a1b8275dd5a9722af0c64b37b2a", size = 497412, upload-time = "2025-10-09T07:08:20.448Z" },
    { url = "https://files.pythonhosted.org/packages/72/6c/2fd3d3877c1957408548f7a380580f0b64ef8aff69f7fc2cc182a79b0b0b/regress-2025.10.1-cp313-cp313-manylinux_2_17_ppc64le.manylinux2014_ppc64le.whl", hash = "sha256:8051fac3696730bb84d7675c62c7073792a0e105233d4f8e1055f2cab9b04fce", size = 676998, upload-time = "2025-10-09T07:08:21.881Z" },
    { url = "https://files.pythonhosted.org/packages/cd/54/acde146473453f3acb5dd29e5be0fb627d87ad020ec5674ee133cde24261/regress-2025.10.1-cp313-cp313-manylinux_2_17_s390x.manylinux2014_s390x.whl", hash = "sha256:8e337ce3b150ca0ff599b1150b995ff6a2e32b5940e17ac3f30a29133960709e", size = 576129, upload-time = "2025-10-09T07:08:23.354Z" },
    { url = "https://files.pythonhosted.org/packages/f2/b0/8007436b33496ec8f10d7b7a67a7a669569c82fc2a182d4f928ab4fd11da/regress-2025.10.1-cp313-cp313-manylinux_2_17_x86_64.manylinux2014_x86_64.whl", hash = "sha256:290a15652c3fafe387db02061d4ed9a100804ed5a162d069b5a0ac28b5df162a", size = 507510, upload-time = "2025-10-09T07:08:24.34Z" },
    { url = "https://files.pythonhosted.org/packages/4a/9e/6ac6cd1de7e34e34cb492df627847de0d01cee982c7dd7d100e67cf1aa93/regress-2025.10.1-cp313-cp313-manylinux_2_5_i686.manylinux1_i686.whl", hash = "sha256:b4bc2008b59e5124c1672d7fd9f203e5d4a4ff88ebaf4666e3281141e2d8db20", size = 520595, upload-time = "2025-10-09T07:08:25.35Z" },
    { url = "https://files.pythonhosted.org/packages/11/26/35556d1dd6f64122a16166db7651d1a5804edebea9835cbcd452d9b7c2ff/regress-2025.10.1-cp313-cp313-musllinux_1_2_aarch64.whl", hash = "sha256:56ef2f8ef9a102a7d42cbbc2f3c0c5e1b186bd8eaa78d564da566b0bf20653dc", size = 695584, upload-time = "2025-10-09T07:08:26.52Z" },
    { url = "https://files.pythonhosted.org/packages/e9/33/07650dfc042b55270fc269276112c592d458cdfb8d31c85447ff743dcf10/regress-2025.10.1-cp313-cp313-musllinux_1_2_i686.whl", hash = "sha256:0680ac0b0a0058acb55b64aa56956732cf56b0baa84ea95e3fa124ab16da58aa", size = 695277, upload-time = "2025-10-09T07:08:27.705Z" },
    { url = "https://files.pythonhosted.org/packages/6a/6b/80f446103df39fc1ce6e271e7c274687bb830402de23e68795ba2ab13214/regress-2025.10.1-cp313-cp313-musllinux_1_2_x86_64.whl", hash = "sha256:47c03bfd853651241fc11436fb14ef7c9b312bb9a9c2828aa5c93943e945f1ef", size = 690951, upload-time = "2025-10-09T07:08:29.295Z" },
    { url = "https://files.pythonhosted.org/packages/b5/10/43cd990934ddb2be3318380fa380f7ca19e0eda0c30793b73e8ab8839367/regress-2025.10.1-cp313-cp313-win32.whl", hash = "sha256:3d12e6a834ed5f6d9dc7e86ea8fd77d37bb13900129930151d87c3261c3a799e", size = 282592, upload-time = "2025-10-09T07:08:30.695Z" },
    { url = "https://files.pythonhosted.org/packages/ab/22/4855af0447c98793d3a406ddf42680736e700b8c78336d6199dff9a5fd1b/regress-2025.10.1-cp313-cp313-win_amd64.whl", hash = "sha256:ee3b7325ea849097d674020c72b2e6deb8f1018f085a7ecbd22831cd217b7f80", size = 301551, upload-time = "2025-10-09T07:08:31.715Z" },
    { url = "https://files.pythonhosted.org/packages/82/99/cd16dce5d1cb98970a8d7c577529e5890d938b54ade223d532fad0343221/regress-2025.10.1-cp313-cp313-win_arm64.whl", hash = "sha256:e5f35e04fe6382c236d60c98b3f0a4a22dea75398b99c9c9bf3fb9d386cd7ebb", size = 288909, upload-time = "2025-10-09T07:08:32.605Z" },
    { url = "https://files.pythonhosted.org/packages/a3/32/35dbbdff29174dcc253bb00b2a0d2aaf3f47a2b1d174ab4ab828feca63f1/regress-2025.10.1-cp313-cp313t-macosx_10_12_x86_64.whl", hash = "sha256:0ee12c4e1c4e6e3609f41dd58065bc241945e912772f7320238d6544f0745950", size = 444440, upload-time = "2025-10-09T07:08:33.635Z" },
    { url = "https://files.pythonhosted.org/packages/6f/1b/d97cf19b3de5ff8d78d03e0c470af48f7e8b6814b197014fda3f8a3aaca5/regress-2025.10.1-cp313-cp313t-macosx_11_0_arm64.whl", hash = "sha256:389c2278848cbfed81753a04ce8ea6c037271179cb9ef4decac7d3c65ae3330b", size = 434626, upload-time = "2025-10-09T07:08:34.75Z" },
    { url = "https://files.pythonhosted.org/packages/04/f1/c0900448a4fd6248cd05c04c83aebb31f22ba3886965a5667f6ac4edc2b0/regress-2025.10.1-cp313-cp313t-manylinux_2_17_aarch64.manylinux2014_aarch64.whl", hash = "sha256:bf743b00cac20f8e8d271f275df7bc192ebb4faa7aee8fe98484df338786dec6", size = 514470, upload-time = "2025-10-09T07:08:35.75Z" },
    { url = "https://files.pythonhosted.org/packages/11/a1/6346a314230af2859d2f0af5c4534ee497b9b13983ee06489652d7e1895b/regress-2025.10.1-cp313-cp313t-manylinux_2_17_armv7l.manylinux2014_armv7l.whl", hash = "sha256:5541da1f581377bc20d2f77e017453aa8f2c2f4bfe7679dee00e139ec700abe8", size = 497546, upload-time = "2025-10-09T07:08:36.739Z" },
    { url = "https://files.pythonhosted.org/packages/3d/ff/09605137dff09594c9e12ce555a80d8405a6ad76faa1db702bfba57468d0/regress-2025.10.1-cp313-cp313t-manylinux_2_17_ppc64le.manylinux2014_ppc64le.whl", hash = "sha256:a67216efa72bb27db170f637d67eb9acdc167da5d617163b057803de7aed1e6d", size = 676318, upload-time = "2025-10-09T07:08:37.72Z" },
    { url = "https://files.pythonhosted.org/packages/26/37/4a65635c18844d687f9ad5bdd79b72fac8d15b131264616d6b1bb52614c2/regress-2025.10.1-cp313-cp313t-manylinux_2_17_s390x.manylinux2014_s390x.whl", hash = "sha256:fb61e653a325aea4681cf7b96ba9bbabc1aeb3f3d8fe877a07800024907398b9", size = 576190, upload-time = "2025-10-09T07:08:38.782Z" },
    { url = "https://files.pythonhosted.org/packages/93/87/90a0a77a0416d7e3255e606f848021949b2f53ca18c9e4e240edb42e0929/regress-2025.10.1-cp313-cp313t-manylinux_2_17_x86_64.manylinux2014_x86_64.whl", hash = "sha256:e2a0a7da1d42fdff8068ab976a66beea572621514a130b37592489ae134a0e27", size = 507768, upload-time = "2025-10-09T07:08:39.797Z" },
    { url = "https://files.pythonhosted.org/packages/7d/62/82c8147027f0012dd7e743267d60dcf4218b2e061825b89cddddaa7fbe49/regress-2025.10.1-cp313-cp313t-manylinux_2_5_i686.manylinux1_i686.whl", hash = "sha256:337ef62f785dc6e05c4a09be7a902980cf4d4f15346f4eca9eaf02745485440c", size = 520555, upload-time = "2025-10-09T07:08:40.801Z" },
    { url = "https://files.pythonhosted.org/packages/09/ce/5dd5dda048173b644a475ae9f4643733b31c3543e861569af4257c60d32a/regress-2025.10.1-cp313-cp313t-musllinux_1_2_aarch64.whl", hash = "sha256:aaf5d102e05b109dde13363e705969b3ffdbbfeb880270187eed0871e75f0c8f", size = 695587, upload-time = "2025-10-09T07:08:42.136Z" },
    { url = "https://files.pythonhosted.org/packages/9e/08/7f6615d8ce3088feb82843ff4d48191600602d624021dbef797d274a043d/regress-2025.10.1-cp313-cp313t-musllinux_1_2_i686.whl", hash = "sha256:adf331c8938e0d8705fc5d05d08fab09c11cb4bcdf8a64fa21902972c4cd38f4", size = 694933, upload-time = "2025-10-09T07:08:43.171Z" },
    { url = "https://files.pythonhosted.org/packages/63/87/94524b996745f892b30dec6e770701956f7125459c6a6b2c075af4b8f0a6/regress-2025.10.1-cp313-cp313t-musllinux_1_2_x86_64.whl", hash = "sha256:287f86b5c0bf3bc9c0abd45bf6745ba9c6a5624c3132b07631bac4403b45143f", size = 691029, upload-time = "2025-10-09T07:08:44.369Z" },
    { url = "https://files.pythonhosted.org/packages/64/e1/612c3b8afa448747e9133a95b1e18d0ee8f3f5e930f7048d1af03976f883/regress-2025.10.1-cp313-cp313t-win32.whl", hash = "sha256:877e05e7c570ee1e077e8b587cca8a318b7675f3c94c6c4e25d0d145abf7c0b6", size = 282136, upload-time = "2025-10-09T07:08:45.477Z" },
    { url = "https://files.pythonhosted.org/packages/51/1d/9d5a476a6b16a41e724e864afb834947323bfa4b309978dbdc2bf8dbdb02/regress-2025.10.1-cp313-cp313t-win_amd64.whl", hash = "sha256:97307f87b128389d8b3f385c8e431fc318263281d1a1c0394606bc813aea05fc", size = 301674, upload-time = "2025-10-09T07:08:46.513Z" },
    { url = "https://files.pythonhosted.org/packages/bf/23/876f72ad93422f660c12e82eabbb49f14f8f1948ee433381c329e6f64660/regress-2025.10.1-pp311-pypy311_pp73-macosx_10_12_x86_64.whl", hash = "sha256:de16665fcc008db88729f52bab92e36d0c0534bcb3f334ff6d2c7574b16a3d6d", size = 447264, upload-time = "2025-10-09T07:09:35.382Z" },
    { url = "https://files.pythonhosted.org/packages/d1/8a/309b777e83ea1d47c9c2d68c5b007d8200865e24b3f58acb20c7a874c2ba/regress-2025.10.1-pp311-pypy311_pp73-macosx_11_0_arm64.whl", hash = "sha256:1624855927d72bb0f8281785fc110eb89702078abe1c42e2e6cbe872ec374277", size = 437433, upload-time = "2025-10-09T07:09:36.356Z" },
    { url = "https://files.pythonhosted.org/packages/45/7f/ef78716b06c9fd76a071c79a1eeab913d2662fb5daecb8c850dd1bb50d88/regress-2025.10.1-pp311-pypy311_pp73-manylinux_2_17_aarch64.manylinux2014_aarch64.whl", hash = "sha256:d0f63f4c3f2e701c832e54434ee10bd0bd2c850b0ae4029829d2dd0c9a340d83", size = 515047, upload-time = "2025-10-09T07:09:37.468Z" },
    { url = "https://files.pythonhosted.org/packages/e1/62/c74988519ac8edcb92642ea8c47953de119d0c6346c80a148fd6c6e68e82/regress-2025.10.1-pp311-pypy311_pp73-manylinux_2_17_armv7l.manylinux2014_armv7l.whl", hash = "sha256:ccfc11e2b632a21d82a56b52a70fc002b990fcf4f6b30661724732776bea6f1d", size = 498177, upload-time = "2025-10-09T07:09:38.804Z" },
    { url = "https://files.pythonhosted.org/packages/59/91/c73ecc209c2314d58b13bdb5f3e780e2cabfb0c97505d9a42b98f17bab34/regress-2025.10.1-pp311-pypy311_pp73-manylinux_2_17_ppc64le.manylinux2014_ppc64le.whl", hash = "sha256:be96403b244e3d6925e225b4da5fbc4f5dd6f06b07f751f00047aa48fd2c7fe3", size = 674915, upload-time = "2025-10-09T07:09:40.15Z" },
    { url = "https://files.pythonhosted.org/packages/6e/5d/10b1b0778497221f545f9482ad42627618a93ccfb71fe28a7d9db19574ee/regress-2025.10.1-pp311-pypy311_pp73-manylinux_2_17_s390x.manylinux2014_s390x.whl", hash = "sha256:15a7c2777e8eeb153fe87327871669c3bd1aab4fe20c1fccf448616bc298350d", size = 575262, upload-time = "2025-10-09T07:09:41.64Z" },
    { url = "https://files.pythonhosted.org/packages/ad/2f/3742ee4ac2bf9a14af071d42587e7c25af64baa960f0deb797f5048bad77/regress-2025.10.1-pp311-pypy311_pp73-manylinux_2_17_x86_64.manylinux2014_x86_64.whl", hash = "sha256:905c4e364526f89b33db8e69468b15d9c294a56af4d533f2700e0e1a363fbae7", size = 508011, upload-time = "2025-10-09T07:09:42.743Z" },
    { url = "https://files.pythonhosted.org/packages/99/d6/0903a8c2ae59bedc068619ee695d91725e213f1a478d5b295feb863e9bae/regress-2025.10.1-pp311-pypy311_pp73-manylinux_2_5_i686.manylinux1_i686.whl", hash = "sha256:0d1f3c465f415521ca259209dd2587c9a35785b35e98d62d4a7fba3c2bf1cfc8", size = 520356, upload-time = "2025-10-09T07:09:43.846Z" },
    { url = "https://files.pythonhosted.org/packages/8f/d2/65cb55712a46506fee39aa0025fb1f07241a44223039ccfb055af6a5bdd4/regress-2025.10.1-pp311-pypy311_pp73-musllinux_1_2_aarch64.whl", hash = "sha256:701d1e4f2b30abfb39b27759a52e68cab8b76484b3d9b51b2d7f368807613f77", size = 695519, upload-time = "2025-10-09T07:09:44.945Z" },
    { url = "https://files.pythonhosted.org/packages/0a/f6/39652ea845412ddd91386f80096d4ac3728452c41910026098c48c5e9445/regress-2025.10.1-pp311-pypy311_pp73-musllinux_1_2_i686.whl", hash = "sha256:189899161133e7c56e733a3fc939642611585c5599626352ee0849cd34d7f436", size = 694953, upload-time = "2025-10-09T07:09:46.049Z" },
    { url = "https://files.pythonhosted.org/packages/02/8b/860bf2fd91bf7be63277cd01ddb168d254530fab6a6ecf4662e55acaaa9d/regress-2025.10.1-pp311-pypy311_pp73-musllinux_1_2_x86_64.whl", hash = "sha256:4c559282471f4f0c9bf7b588985c4bec16de0a85e1a3e017dca39640e15118ce", size = 691574, upload-time = "2025-10-09T07:09:47.169Z" },
]

[[package]]
name = "requests"
version = "2.32.5"
source = { registry = "https://gitlab.savvifi.com/api/v4/groups/21/-/packages/pypi/simple/" }
dependencies = [
    { name = "certifi" },
    { name = "charset-normalizer" },
    { name = "idna" },
    { name = "urllib3" },
]
wheels = [
    { url = "https://gitlab.savvifi.com/api/v4/groups/21/-/packages/pypi/files/2462f94637a34fd532264295e186976db0f5d453d1cdd31473c85a6a161affb6/requests-2.32.5-py3-none-any.whl", hash = "sha256:2462f94637a34fd532264295e186976db0f5d453d1cdd31473c85a6a161affb6" },
]

[[package]]
name = "rpds-py"
version = "0.22.3"
source = { registry = "https://gitlab.savvifi.com/api/v4/groups/21/-/packages/pypi/simple/" }
wheels = [
    { url = "https://gitlab.savvifi.com/api/v4/groups/21/-/packages/pypi/files/68049202f67380ff9aa52f12e92b1c30115f32e6895cd7198fa2a7961621fc5a/rpds_py-0.22.3-cp311-cp311-macosx_11_0_arm64.whl", hash = "sha256:68049202f67380ff9aa52f12e92b1c30115f32e6895cd7198fa2a7961621fc5a" },
    { url = "https://gitlab.savvifi.com/api/v4/groups/21/-/packages/pypi/files/fb4f868f712b2dd4bcc538b0a0c1f63a2b1d584c925e69a224d759e7070a12d5/rpds_py-0.22.3-cp311-cp311-manylinux_2_17_aarch64.manylinux2014_aarch64.whl", hash = "sha256:fb4f868f712b2dd4bcc538b0a0c1f63a2b1d584c925e69a224d759e7070a12d5" },
    { url = "https://gitlab.savvifi.com/api/v4/groups/21/-/packages/pypi/files/59f4a79c19232a5774aee369a0c296712ad0e77f24e62cad53160312b1c1eaa1/rpds_py-0.22.3-cp311-cp311-manylinux_2_17_x86_64.manylinux2014_x86_64.whl", hash = "sha256:59f4a79c19232a5774aee369a0c296712ad0e77f24e62cad53160312b1c1eaa1" },
    { url = "https://gitlab.savvifi.com/api/v4/groups/21/-/packages/pypi/files/1352ae4f7c717ae8cba93421a63373e582d19d55d2ee2cbb184344c82d2ae55a/rpds_py-0.22.3-cp311-cp311-musllinux_1_2_x86_64.whl", hash = "sha256:1352ae4f7c717ae8cba93421a63373e582d19d55d2ee2cbb184344c82d2ae55a" },
    { url = "https://gitlab.savvifi.com/api/v4/groups/21/-/packages/pypi/files/8bd7c8cfc0b8247c8799080fbff54e0b9619e17cdfeb0478ba7295d43f635d7c/rpds_py-0.22.3-cp311-cp311-win_amd64.whl", hash = "sha256:8bd7c8cfc0b8247c8799080fbff54e0b9619e17cdfeb0478ba7295d43f635d7c" },
    { url = "https://gitlab.savvifi.com/api/v4/groups/21/-/packages/pypi/files/1978d0021e943aae58b9b0b196fb4895a25cc53d3956b8e35e0b7682eefb6d56/rpds_py-0.22.3-cp312-cp312-macosx_11_0_arm64.whl", hash = "sha256:1978d0021e943aae58b9b0b196fb4895a25cc53d3956b8e35e0b7682eefb6d56" },
    { url = "https://gitlab.savvifi.com/api/v4/groups/21/-/packages/pypi/files/655ca44a831ecb238d124e0402d98f6212ac527a0ba6c55ca26f616604e60a45/rpds_py-0.22.3-cp312-cp312-manylinux_2_17_aarch64.manylinux2014_aarch64.whl", hash = "sha256:655ca44a831ecb238d124e0402d98f6212ac527a0ba6c55ca26f616604e60a45" },
    { url = "https://gitlab.savvifi.com/api/v4/groups/21/-/packages/pypi/files/e67ba3c290821343c192f7eae1d8fd5999ca2dc99994114643e2f2d3e6138b15/rpds_py-0.22.3-cp312-cp312-manylinux_2_17_x86_64.manylinux2014_x86_64.whl", hash = "sha256:e67ba3c290821343c192f7eae1d8fd5999ca2dc99994114643e2f2d3e6138b15" },
    { url = "https://gitlab.savvifi.com/api/v4/groups/21/-/packages/pypi/files/8633e471c6207a039eff6aa116e35f69f3156b3989ea3e2d755f7bc41754a4a7/rpds_py-0.22.3-cp312-cp312-musllinux_1_2_x86_64.whl", hash = "sha256:8633e471c6207a039eff6aa116e35f69f3156b3989ea3e2d755f7bc41754a4a7" },
    { url = "https://gitlab.savvifi.com/api/v4/groups/21/-/packages/pypi/files/d115bffdd417c6d806ea9069237a4ae02f513b778e3789a359bc5856e0404cc4/rpds_py-0.22.3-cp312-cp312-win_amd64.whl", hash = "sha256:d115bffdd417c6d806ea9069237a4ae02f513b778e3789a359bc5856e0404cc4" },
    { url = "https://gitlab.savvifi.com/api/v4/groups/21/-/packages/pypi/files/6dd9412824c4ce1aca56c47b0991e65bebb7ac3f4edccfd3f156150c96a7bf25/rpds_py-0.22.3-cp313-cp313-macosx_11_0_arm64.whl", hash = "sha256:6dd9412824c4ce1aca56c47b0991e65bebb7ac3f4edccfd3f156150c96a7bf25" },
    { url = "https://gitlab.savvifi.com/api/v4/groups/21/-/packages/pypi/files/20070c65396f7373f5df4005862fa162db5d25d56150bddd0b3e8214e8ef45b4/rpds_py-0.22.3-cp313-cp313-manylinux_2_17_aarch64.manylinux2014_aarch64.whl", hash = "sha256:20070c65396f7373f5df4005862fa162db5d25d56150bddd0b3e8214e8ef45b4" },
    { url = "https://gitlab.savvifi.com/api/v4/groups/21/-/packages/pypi/files/009de23c9c9ee54bf11303a966edf4d9087cd43a6003672e6aa7def643d06518/rpds_py-0.22.3-cp313-cp313-manylinux_2_17_x86_64.manylinux2014_x86_64.whl", hash = "sha256:009de23c9c9ee54bf11303a966edf4d9087cd43a6003672e6aa7def643d06518" },
    { url = "https://gitlab.savvifi.com/api/v4/groups/21/-/packages/pypi/files/9253fc214112405f0afa7db88739294295f0e08466987f1d70e29930262b4c8f/rpds_py-0.22.3-cp313-cp313-musllinux_1_2_x86_64.whl", hash = "sha256:9253fc214112405f0afa7db88739294295f0e08466987f1d70e29930262b4c8f" },
    { url = "https://gitlab.savvifi.com/api/v4/groups/21/-/packages/pypi/files/c58e2339def52ef6b71b8f36d13c3688ea23fa093353f3a4fee2556e62086ec9/rpds_py-0.22.3-cp313-cp313-win_amd64.whl", hash = "sha256:c58e2339def52ef6b71b8f36d13c3688ea23fa093353f3a4fee2556e62086ec9" },
]

[[package]]
name = "ruamel-yaml"
version = "0.19.1"
source = { registry = "https://gitlab.savvifi.com/api/v4/groups/21/-/packages/pypi/simple/" }
sdist = { url = "https://files.pythonhosted.org/packages/c7/3b/ebda527b56beb90cb7652cb1c7e4f91f48649fbcd8d2eb2fb6e77cd3329b/ruamel_yaml-0.19.1.tar.gz", hash = "sha256:53eb66cd27849eff968ebf8f0bf61f46cdac2da1d1f3576dd4ccee9b25c31993", size = 142709, upload-time = "2026-01-02T16:50:31.84Z" }
wheels = [
    { url = "https://files.pythonhosted.org/packages/b8/0c/51f6841f1d84f404f92463fc2b1ba0da357ca1e3db6b7fbda26956c3b82a/ruamel_yaml-0.19.1-py3-none-any.whl", hash = "sha256:27592957fedf6e0b62f281e96effd28043345e0e66001f97683aa9a40c667c93", size = 118102, upload-time = "2026-01-02T16:50:29.201Z" },
]

[[package]]
name = "rules-gitlab-tooling"
version = "0.0.0"
source = { virtual = "." }
dependencies = [
    { name = "check-jsonschema" },
    { name = "ruamel-yaml" },
]

[package.metadata]
requires-dist = [
    { name = "check-jsonschema", specifier = ">=0.33,<1.0" },
    { name = "ruamel-yaml", specifier = ">=0.17,<1.0" },
]

[[package]]
name = "typing-extensions"
version = "4.15.0"
source = { registry = "https://gitlab.savvifi.com/api/v4/groups/21/-/packages/pypi/simple/" }
wheels = [
    { url = "https://gitlab.savvifi.com/api/v4/groups/21/-/packages/pypi/files/f0fa19c6845758ab08074a0cfa8b7aecb71c999ca73d62883bc25cc018c4e548/typing_extensions-4.15.0-py3-none-any.whl", hash = "sha256:f0fa19c6845758ab08074a0cfa8b7aecb71c999ca73d62883bc25cc018c4e548" },
]

[[package]]
name = "urllib3"
version = "2.3.0"
source = { registry = "https://gitlab.savvifi.com/api/v4/groups/21/-/packages/pypi/simple/" }
wheels = [
    { url = "https://gitlab.savvifi.com/api/v4/groups/21/-/packages/pypi/files/1cee9ad369867bfdbbb48b7dd50374c0967a0bb7710050facf0dd6911440e3df/urllib3-2.3.0-py3-none-any.whl", hash = "sha256:1cee9ad369867bfdbbb48b7dd50374c0967a0bb7710050facf0dd6911440e3df" },
]
